// !$*UTF8*$!
{
	archiveVersion = 1;
	classes = {
	};
	objectVersion = 46;
	objects = {

/* Begin PBXBuildFile section */
		BF57EA9F1DCDCC86000117CB /* AppDelegate.swift in Sources */ = {isa = PBXBuildFile; fileRef = BF57EA9E1DCDCC86000117CB /* AppDelegate.swift */; };
		BF57EAA31DCDCC86000117CB /* Actions.sks in Resources */ = {isa = PBXBuildFile; fileRef = BF57EAA21DCDCC86000117CB /* Actions.sks */; };
		BF57EAA51DCDCC86000117CB /* GameScene.swift in Sources */ = {isa = PBXBuildFile; fileRef = BF57EAA41DCDCC86000117CB /* GameScene.swift */; };
		BF57EAA71DCDCC86000117CB /* GameViewController.swift in Sources */ = {isa = PBXBuildFile; fileRef = BF57EAA61DCDCC86000117CB /* GameViewController.swift */; };
		BF57EAAA1DCDCC86000117CB /* Main.storyboard in Resources */ = {isa = PBXBuildFile; fileRef = BF57EAA81DCDCC86000117CB /* Main.storyboard */; };
		BF57EAAC1DCDCC86000117CB /* Assets.xcassets in Resources */ = {isa = PBXBuildFile; fileRef = BF57EAAB1DCDCC86000117CB /* Assets.xcassets */; };
		BF57EAAF1DCDCC86000117CB /* LaunchScreen.storyboard in Resources */ = {isa = PBXBuildFile; fileRef = BF57EAAD1DCDCC86000117CB /* LaunchScreen.storyboard */; };
/* End PBXBuildFile section */

/* Begin PBXFileReference section */
		BF57EA9B1DCDCC86000117CB /* Project 1.app */ = {isa = PBXFileReference; explicitFileType = wrapper.application; includeInIndex = 0; path = "Project 1.app"; sourceTree = BUILT_PRODUCTS_DIR; };
		BF57EA9E1DCDCC86000117CB /* AppDelegate.swift */ = {isa = PBXFileReference; lastKnownFileType = sourcecode.swift; path = AppDelegate.swift; sourceTree = "<group>"; };
		BF57EAA21DCDCC86000117CB /* Actions.sks */ = {isa = PBXFileReference; lastKnownFileType = file.sks; path = Actions.sks; sourceTree = "<group>"; };
		BF57EAA41DCDCC86000117CB /* GameScene.swift */ = {isa = PBXFileReference; lastKnownFileType = sourcecode.swift; path = GameScene.swift; sourceTree = "<group>"; };
		BF57EAA61DCDCC86000117CB /* GameViewController.swift */ = {isa = PBXFileReference; lastKnownFileType = sourcecode.swift; path = GameViewController.swift; sourceTree = "<group>"; };
		BF57EAA91DCDCC86000117CB /* Base */ = {isa = PBXFileReference; lastKnownFileType = file.storyboard; name = Base; path = Base.lproj/Main.storyboard; sourceTree = "<group>"; };
		BF57EAAB1DCDCC86000117CB /* Assets.xcassets */ = {isa = PBXFileReference; lastKnownFileType = folder.assetcatalog; path = Assets.xcassets; sourceTree = "<group>"; };
		BF57EAAE1DCDCC86000117CB /* Base */ = {isa = PBXFileReference; lastKnownFileType = file.storyboard; name = Base; path = Base.lproj/LaunchScreen.storyboard; sourceTree = "<group>"; };
		BF57EAB01DCDCC86000117CB /* Info.plist */ = {isa = PBXFileReference; lastKnownFileType = text.plist.xml; path = Info.plist; sourceTree = "<group>"; };
/* End PBXFileReference section */

/* Begin PBXFrameworksBuildPhase section */
		BF57EA981DCDCC86000117CB /* Frameworks */ = {
			isa = PBXFrameworksBuildPhase;
			buildActionMask = 2147483647;
			files = (
			);
			runOnlyForDeploymentPostprocessing = 0;
		};
/* End PBXFrameworksBuildPhase section */

/* Begin PBXGroup section */
		BF57EA921DCDCC86000117CB = {
			isa = PBXGroup;
			children = (
				BF57EA9D1DCDCC86000117CB /* Project 1 */,
				BF57EA9C1DCDCC86000117CB /* Products */,
			);
			sourceTree = "<group>";
		};
		BF57EA9C1DCDCC86000117CB /* Products */ = {
			isa = PBXGroup;
			children = (
				BF57EA9B1DCDCC86000117CB /* Project 1.app */,
			);
			name = Products;
			sourceTree = "<group>";
		};
		BF57EA9D1DCDCC86000117CB /* Project 1 */ = {
			isa = PBXGroup;
			children = (
				BF57EA9E1DCDCC86000117CB /* AppDelegate.swift */,
				BF57EAA21DCDCC86000117CB /* Actions.sks */,
				BF57EAA41DCDCC86000117CB /* GameScene.swift */,
				BF57EAA61DCDCC86000117CB /* GameViewController.swift */,
				BF57EAA81DCDCC86000117CB /* Main.storyboard */,
				BF57EAAB1DCDCC86000117CB /* Assets.xcassets */,
				BF57EAAD1DCDCC86000117CB /* LaunchScreen.storyboard */,
				BF57EAB01DCDCC86000117CB /* Info.plist */,
			);
			path = "Project 1";
			sourceTree = "<group>";
		};
/* End PBXGroup section */

/* Begin PBXNativeTarget section */
		BF57EA9A1DCDCC86000117CB /* Project 1 */ = {
			isa = PBXNativeTarget;
			buildConfigurationList = BF57EAB31DCDCC86000117CB /* Build configuration list for PBXNativeTarget "Project 1" */;
			buildPhases = (
				BF57EA971DCDCC86000117CB /* Sources */,
				BF57EA981DCDCC86000117CB /* Frameworks */,
				BF57EA991DCDCC86000117CB /* Resources */,
			);
			buildRules = (
			);
			dependencies = (
			);
			name = "Project 1";
			productName = "Project 1";
			productReference = BF57EA9B1DCDCC86000117CB /* Project 1.app */;
			productType = "com.apple.product-type.application";
		};
/* End PBXNativeTarget section */

/* Begin PBXProject section */
		BF57EA931DCDCC86000117CB /* Project object */ = {
			isa = PBXProject;
			attributes = {
				LastSwiftUpdateCheck = 0800;
				LastUpgradeCheck = 0800;
				ORGANIZATIONNAME = "Jimmy Hoang";
				TargetAttributes = {
					BF57EA9A1DCDCC86000117CB = {
						CreatedOnToolsVersion = 8.0;
						DevelopmentTeam = GDY7XCAX4D;
						ProvisioningStyle = Automatic;
					};
				};
			};
			buildConfigurationList = BF57EA961DCDCC86000117CB /* Build configuration list for PBXProject "Project 1" */;
			compatibilityVersion = "Xcode 3.2";
			developmentRegion = English;
			hasScannedForEncodings = 0;
			knownRegions = (
				en,
				Base,
			);
			mainGroup = BF57EA921DCDCC86000117CB;
			productRefGroup = BF57EA9C1DCDCC86000117CB /* Products */;
			projectDirPath = "";
			projectRoot = "";
			targets = (
				BF57EA9A1DCDCC86000117CB /* Project 1 */,
			);
		};
/* End PBXProject section */

/* Begin PBXResourcesBuildPhase section */
		BF57EA991DCDCC86000117CB /* Resources */ = {
			isa = PBXResourcesBuildPhase;
			buildActionMask = 2147483647;
			files = (
				BF57EAAA1DCDCC86000117CB /* Main.storyboard in Resources */,
				BF57EAAC1DCDCC86000117CB /* Assets.xcassets in Resources */,
				BF57EAAF1DCDCC86000117CB /* LaunchScreen.storyboard in Resources */,
				BF57EAA31DCDCC86000117CB /* Actions.sks in Resources */,
			);
			runOnlyForDeploymentPostprocessing = 0;
		};
/* End PBXResourcesBuildPhase section */

/* Begin PBXSourcesBuildPhase section */
		BF57EA971DCDCC86000117CB /* Sources */ = {
			isa = PBXSourcesBuildPhase;
			buildActionMask = 2147483647;
			files = (
				BF57EAA51DCDCC86000117CB /* GameScene.swift in Sources */,
				BF57EAA71DCDCC86000117CB /* GameViewController.swift in Sources */,
				BF57EA9F1DCDCC86000117CB /* AppDelegate.swift in Sources */,
			);
			runOnlyForDeploymentPostprocessing = 0;
		};
/* End PBXSourcesBuildPhase section */

/* Begin PBXVariantGroup section */
		BF57EAA81DCDCC86000117CB /* Main.storyboard */ = {
			isa = PBXVariantGroup;
			children = (
				BF57EAA91DCDCC86000117CB /* Base */,
			);
			name = Main.storyboard;
			sourceTree = "<group>";
		};
		BF57EAAD1DCDCC86000117CB /* LaunchScreen.storyboard */ = {
			isa = PBXVariantGroup;
			children = (
				BF57EAAE1DCDCC86000117CB /* Base */,
			);
			name = LaunchScreen.storyboard;
			sourceTree = "<group>";
		};
/* End PBXVariantGroup section */

/* Begin XCBuildConfiguration section */
		BF57EAB11DCDCC86000117CB /* Debug */ = {
			isa = XCBuildConfiguration;
			buildSettings = {
				ALWAYS_SEARCH_USER_PATHS = NO;
				CLANG_ANALYZER_NONNULL = YES;
				CLANG_CXX_LANGUAGE_STANDARD = "gnu++0x";
				CLANG_CXX_LIBRARY = "libc++";
				CLANG_ENABLE_MODULES = YES;
				CLANG_ENABLE_OBJC_ARC = YES;
				CLANG_WARN_BOOL_CONVERSION = YES;
				CLANG_WARN_CONSTANT_CONVERSION = YES;
				CLANG_WARN_DIRECT_OBJC_ISA_USAGE = YES_ERROR;
				CLANG_WARN_DOCUMENTATION_COMMENTS = YES;
				CLANG_WARN_EMPTY_BODY = YES;
				CLANG_WARN_ENUM_CONVERSION = YES;
				CLANG_WARN_INFINITE_RECURSION = YES;
				CLANG_WARN_INT_CONVERSION = YES;
				CLANG_WARN_OBJC_ROOT_CLASS = YES_ERROR;
				CLANG_WARN_SUSPICIOUS_MOVES = YES;
				CLANG_WARN_UNREACHABLE_CODE = YES;
				CLANG_WARN__DUPLICATE_METHOD_MATCH = YES;
				"CODE_SIGN_IDENTITY[sdk=iphoneos*]" = "iPhone Developer";
				COPY_PHASE_STRIP = NO;
				DEBUG_INFORMATION_FORMAT = dwarf;
				ENABLE_STRICT_OBJC_MSGSEND = YES;
				ENABLE_TESTABILITY = YES;
				GCC_C_LANGUAGE_STANDARD = gnu99;
				GCC_DYNAMIC_NO_PIC = NO;
				GCC_NO_COMMON_BLOCKS = YES;
				GCC_OPTIMIZATION_LEVEL = 0;
				GCC_PREPROCESSOR_DEFINITIONS = (
					"DEBUG=1",
					"$(inherited)",
				);
				GCC_WARN_64_TO_32_BIT_CONVERSION = YES;
				GCC_WARN_ABOUT_RETURN_TYPE = YES_ERROR;
				GCC_WARN_UNDECLARED_SELECTOR = YES;
				GCC_WARN_UNINITIALIZED_AUTOS = YES_AGGRESSIVE;
				GCC_WARN_UNUSED_FUNCTION = YES;
				GCC_WARN_UNUSED_VARIABLE = YES;
				IPHONEOS_DEPLOYMENT_TARGET = 10.0;
				MTL_ENABLE_DEBUG_INFO = YES;
				ONLY_ACTIVE_ARCH = YES;
				SDKROOT = iphoneos;
				SWIFT_ACTIVE_COMPILATION_CONDITIONS = DEBUG;
				SWIFT_OPTIMIZATION_LEVEL = "-Onone";
			};
			name = Debug;
		};
		BF57EAB21DCDCC86000117CB /* Release */ = {
			isa = XCBuildConfiguration;
			buildSettings = {
				ALWAYS_SEARCH_USER_PATHS = NO;
				CLANG_ANALYZER_NONNULL = YES;
				CLANG_CXX_LANGUAGE_STANDARD = "gnu++0x";
				CLANG_CXX_LIBRARY = "libc++";
				CLANG_ENABLE_MODULES = YES;
				CLANG_ENABLE_OBJC_ARC = YES;
				CLANG_WARN_BOOL_CONVERSION = YES;
				CLANG_WARN_CONSTANT_CONVERSION = YES;
				CLANG_WARN_DIRECT_OBJC_ISA_USAGE = YES_ERROR;
				CLANG_WARN_DOCUMENTATION_COMMENTS = YES;
				CLANG_WARN_EMPTY_BODY = YES;
				CLANG_WARN_ENUM_CONVERSION = YES;
				CLANG_WARN_INFINITE_RECURSION = YES;
				CLANG_WARN_INT_CONVERSION = YES;
				CLANG_WARN_OBJC_ROOT_CLASS = YES_ERROR;
				CLANG_WARN_SUSPICIOUS_MOVES = YES;
				CLANG_WARN_UNREACHABLE_CODE = YES;
				CLANG_WARN__DUPLICATE_METHOD_MATCH = YES;
				"CODE_SIGN_IDENTITY[sdk=iphoneos*]" = "iPhone Developer";
				COPY_PHASE_STRIP = NO;
				DEBUG_INFORMATION_FORMAT = "dwarf-with-dsym";
				ENABLE_NS_ASSERTIONS = NO;
				ENABLE_STRICT_OBJC_MSGSEND = YES;
				GCC_C_LANGUAGE_STANDARD = gnu99;
				GCC_NO_COMMON_BLOCKS = YES;
				GCC_WARN_64_TO_32_BIT_CONVERSION = YES;
				GCC_WARN_ABOUT_RETURN_TYPE = YES_ERROR;
				GCC_WARN_UNDECLARED_SELECTOR = YES;
				GCC_WARN_UNINITIALIZED_AUTOS = YES_AGGRESSIVE;
				GCC_WARN_UNUSED_FUNCTION = YES;
				GCC_WARN_UNUSED_VARIABLE = YES;
				IPHONEOS_DEPLOYMENT_TARGET = 10.0;
				MTL_ENABLE_DEBUG_INFO = NO;
				SDKROOT = iphoneos;
				SWIFT_OPTIMIZATION_LEVEL = "-Owholemodule";
				VALIDATE_PRODUCT = YES;
			};
			name = Release;
		};
		BF57EAB41DCDCC86000117CB /* Debug */ = {
			isa = XCBuildConfiguration;
			buildSettings = {
				ASSETCATALOG_COMPILER_APPICON_NAME = AppIcon;
				DEVELOPMENT_TEAM = GDY7XCAX4D;
				INFOPLIST_FILE = "Project 1/Info.plist";
				IPHONEOS_DEPLOYMENT_TARGET = 8.0;
				LD_RUNPATH_SEARCH_PATHS = "$(inherited) @executable_path/Frameworks";
				PRODUCT_BUNDLE_IDENTIFIER = "jimmy.Project-1";
				PRODUCT_NAME = "$(TARGET_NAME)";
				SWIFT_VERSION = 3.0;
			};
			name = Debug;
		};
		BF57EAB51DCDCC86000117CB /* Release */ = {
			isa = XCBuildConfiguration;
			buildSettings = {
				ASSETCATALOG_COMPILER_APPICON_NAME = AppIcon;
				DEVELOPMENT_TEAM = GDY7XCAX4D;
				INFOPLIST_FILE = "Project 1/Info.plist";
				IPHONEOS_DEPLOYMENT_TARGET = 8.0;
				LD_RUNPATH_SEARCH_PATHS = "$(inherited) @executable_path/Frameworks";
				PRODUCT_BUNDLE_IDENTIFIER = "jimmy.Project-1";
				PRODUCT_NAME = "$(TARGET_NAME)";
				SWIFT_VERSION = 3.0;
			};
			name = Release;
		};
/* End XCBuildConfiguration section */

/* Begin XCConfigurationList section */
		BF57EA961DCDCC86000117CB /* Build configuration list for PBXProject "Project 1" */ = {
			isa = XCConfigurationList;
			buildConfigurations = (
				BF57EAB11DCDCC86000117CB /* Debug */,
				BF57EAB21DCDCC86000117CB /* Release */,
			);
			defaultConfigurationIsVisible = 0;
			defaultConfigurationName = Release;
		};
		BF57EAB31DCDCC86000117CB /* Build configuration list for PBXNativeTarget "Project 1" */ = {
			isa = XCConfigurationList;
			buildConfigurations = (
				BF57EAB41DCDCC86000117CB /* Debug */,
				BF57EAB51DCDCC86000117CB /* Release */,
			);
			defaultConfigurationIsVisible = 0;
			defaultConfigurationName = Release;
		};
/* End XCConfigurationList section */
	};
	rootObject = BF57EA931DCDCC86000117CB /* Project object */;
}
